
Microsoft Visual Studio Solution File, Format Version 12.00
# Visual Studio 14
VisualStudioVersion = 14.0.25420.1
MinimumVisualStudioVersion = 10.0.40219.1
Project("{FAE04EC0-301F-11D3-BF4B-00C04F79EFBC}") = "SPDSTools", "SPDSTools\SPDSTools.csproj", "{56D8663A-19C8-406A-98AC-0E5D54000672}"
EndProject
Project("{FAE04EC0-301F-11D3-BF4B-00C04F79EFBC}") = "SPDSTools.Tests", "SPDSTools.Tests\SPDSTools.Tests.csproj", "{1261BC0B-7F7E-4256-B2D2-0EC66F97ED58}"
EndProject
Global
	GlobalSection(SolutionConfigurationPlatforms) = preSolution
		Debug|Any CPU = Debug|Any CPU
		Debug|x64 = Debug|x64
		Debug|x86 = Debug|x86
		Release|Any CPU = Release|Any CPU
		Release|x64 = Release|x64
		Release|x86 = Release|x86
	EndGlobalSection
	GlobalSection(ProjectConfigurationPlatforms) = postSolution
		{56D8663A-19C8-406A-98AC-0E5D54000672}.Debug|Any CPU.ActiveCfg = Debug|Any CPU
		{56D8663A-19C8-406A-98AC-0E5D54000672}.Debug|Any CPU.Build.0 = Debug|Any CPU
		{56D8663A-19C8-406A-98AC-0E5D54000672}.Debug|x64.ActiveCfg = Debug|x64
		{56D8663A-19C8-406A-98AC-0E5D54000672}.Debug|x64.Build.0 = Debug|x64
		{56D8663A-19C8-406A-98AC-0E5D54000672}.Debug|x86.ActiveCfg = Debug|Any CPU
		{56D8663A-19C8-406A-98AC-0E5D54000672}.Debug|x86.Build.0 = Debug|Any CPU
		{56D8663A-19C8-406A-98AC-0E5D54000672}.Release|Any CPU.ActiveCfg = Release|Any CPU
		{56D8663A-19C8-406A-98AC-0E5D54000672}.Release|Any CPU.Build.0 = Release|Any CPU
		{56D8663A-19C8-406A-98AC-0E5D54000672}.Release|x64.ActiveCfg = Release|x64
		{56D8663A-19C8-406A-98AC-0E5D54000672}.Release|x64.Build.0 = Release|x64
		{56D8663A-19C8-406A-98AC-0E5D54000672}.Release|x86.ActiveCfg = Release|Any CPU
		{56D8663A-19C8-406A-98AC-0E5D54000672}.Release|x86.Build.0 = Release|Any CPU
		{1261BC0B-7F7E-4256-B2D2-0EC66F97ED58}.Debug|Any CPU.ActiveCfg = Debug|Any CPU
		{1261BC0B-7F7E-4256-B2D2-0EC66F97ED58}.Debug|Any CPU.Build.0 = Debug|Any CPU
		{1261BC0B-7F7E-4256-B2D2-0EC66F97ED58}.Debug|x64.ActiveCfg = Debug|x64
		{1261BC0B-7F7E-4256-B2D2-0EC66F97ED58}.Debug|x64.Build.0 = Debug|x64
		{1261BC0B-7F7E-4256-B2D2-0EC66F97ED58}.Debug|x86.ActiveCfg = Debug|Any CPU
		{1261BC0B-7F7E-4256-B2D2-0EC66F97ED58}.Debug|x86.Build.0 = Debug|Any CPU
		{1261BC0B-7F7E-4256-B2D2-0EC66F97ED58}.Release|Any CPU.ActiveCfg = Release|Any CPU
		{1261BC0B-7F7E-4256-B2D2-0EC66F97ED58}.Release|Any CPU.Build.0 = Release|Any CPU
		{1261BC0B-7F7E-4256-B2D2-0EC66F97ED58}.Release|x64.ActiveCfg = Release|x64
		{1261BC0B-7F7E-4256-B2D2-0EC66F97ED58}.Release|x64.Build.0 = Release|x64
		{1261BC0B-7F7E-4256-B2D2-0EC66F97ED58}.Release|x86.ActiveCfg = Release|Any CPU
		{1261BC0B-7F7E-4256-B2D2-0EC66F97ED58}.Release|x86.Build.0 = Release|Any CPU
	EndGlobalSection
	GlobalSection(SolutionProperties) = preSolution
		HideSolutionNode = FALSE
	EndGlobalSection
	GlobalSection(TeamFoundationVersionControl) = preSolution
		SccNumberOfProjects = 3
		SccEnterpriseProvider = {4CA58AB2-18FA-4F8D-95D4-32DDF27D184C}
		SccTeamFoundationServer = https://ext.irisoft.ru:8088/tfs/defaultcollection
		SccLocalPath0 = .
		SccProjectUniqueName1 = SPDSTools\\SPDSTools.csproj
		SccProjectName1 = SPDSTools
		SccLocalPath1 = SPDSTools
		SccProjectUniqueName2 = SPDSTools.Tests\\SPDSTools.Tests.csproj
		SccProjectName2 = SPDSTools.Tests
		SccLocalPath2 = SPDSTools.Tests
	EndGlobalSection
EndGlobal
